
Microsoft Visual Studio Solution File, Format Version 12.00
# Visual Studio Version 17
VisualStudioVersion = 17.7.34024.191
MinimumVisualStudioVersion = 10.0.40219.1
Project("{FAE04EC0-301F-11D3-BF4B-00C04F79EFBC}") = "API", "API.csproj", "{16836BEB-14CB-4CE6-BCE4-40E8C1E23502}"
EndProject
Global
	GlobalSection(SolutionConfigurationPlatforms) = preSolution
		Debug|Any CPU = Debug|Any CPU
		Release|Any CPU = Release|Any CPU
	EndGlobalSection
	GlobalSection(ProjectConfigurationPlatforms) = postSolution
		{16836BEB-14CB-4CE6-BCE4-40E8C1E23502}.Debug|Any CPU.ActiveCfg = Debug|Any CPU
		{16836BEB-14CB-4CE6-BCE4-40E8C1E23502}.Debug|Any CPU.Build.0 = Debug|Any CPU
		{16836BEB-14CB-4CE6-BCE4-40E8C1E23502}.Release|Any CPU.ActiveCfg = Release|Any CPU
		{16836BEB-14CB-4CE6-BCE4-40E8C1E23502}.Release|Any CPU.Build.0 = Release|Any CPU
	EndGlobalSection
	GlobalSection(SolutionProperties) = preSolution
		HideSolutionNode = FALSE
	EndGlobalSection
	GlobalSection(ExtensibilityGlobals) = postSolution
		SolutionGuid = {55806A50-1A4A-4031-86DE-4CC3F4CD4437}
	EndGlobalSection
EndGlobal
